# auto-generated by grc.converter

id: corrsounder_ramdisk_file_sink_vc
label: Ramdisk File Sink
category: '[Corrsounder]/Utils'

parameters:
-   id: filename
    label: Filename
    dtype: string
-   id: filesize
    label: Filesize
    dtype: int

inputs:
-   domain: stream
    dtype: complex

outputs:
-   label: acquire_progress
    domain: stream
    dtype: float
-   label: storage_progress
    domain: stream
    dtype: float
-   label: cpu_usage
    domain: stream
    dtype: float
-   label: mem_usage
    domain: stream
    dtype: float

templates:
    imports: import corrsounder
    make: corrsounder.ramdisk_file_sink_vc(${filename}, ${filesize})

file_format: 1
